Microsoft Visual Studio Solution File, Format Version 12.00
# Visual Studio Version 17
VisualStudioVersion = 17.13.35617.110
MinimumVisualStudioVersion = 10.0.40219.1
Project("{2150E333-8FDC-42A3-9474-1A3956D46DE8}") = "ApiServices", "ApiServices", "{02EA681E-C7D8-13C7-8484-4AC65E1B71E8}"
EndProject
Project("{FAE04EC0-301F-11D3-BF4B-00C04F79EFBC}") = "CodeSpirit.Tests", "Src\CodeSpirit.Tests\CodeSpirit.Tests.csproj", "{E5ABD82E-7F34-1623-9498-472F60DC5ACD}"
EndProject
Project("{FAE04EC0-301F-11D3-BF4B-00C04F79EFBC}") = "CodeSpirit.ServiceDefaults", "Src\CodeSpirit.ServiceDefaults\CodeSpirit.ServiceDefaults.csproj", "{1E509197-BCCD-F715-2E11-B82818F9E4FE}"
EndProject
Project("{FAE04EC0-301F-11D3-BF4B-00C04F79EFBC}") = "CodeSpirit.AppHost", "Src\CodeSpirit.AppHost\CodeSpirit.AppHost.csproj", "{914C9414-C7DB-839C-DFF4-5F9043825A5B}"
EndProject
Project("{FAE04EC0-301F-11D3-BF4B-00C04F79EFBC}") = "CodeSpirit.Shared", "Src\CodeSpirit.Shared\CodeSpirit.Shared.csproj", "{56F4BA82-F6EE-4007-A1F9-3063C6ECFBDF}"
EndProject
Project("{FAE04EC0-301F-11D3-BF4B-00C04F79EFBC}") = "CodeSpirit.Web", "Src\CodeSpirit.Web\CodeSpirit.Web.csproj", "{ADD4B54A-24DF-37C8-D910-48748A560D6E}"
EndProject
Project("{FAE04EC0-301F-11D3-BF4B-00C04F79EFBC}") = "CodeSpirit.Amis", "Src\CodeSpirit.Amis\CodeSpirit.Amis.csproj", "{722D0E64-04A3-4915-8B89-FC657570E408}"
EndProject
Project("{FAE04EC0-301F-11D3-BF4B-00C04F79EFBC}") = "CodeSpirit.Core", "Src\CodeSpirit.Core\CodeSpirit.Core.csproj", "{A8B78C7A-8390-409B-B909-8AD826A38063}"
EndProject
Project("{FAE04EC0-301F-11D3-BF4B-00C04F79EFBC}") = "CodeSpirit.Authorization", "Src\CodeSpirit.Authorization\CodeSpirit.Authorization.csproj", "{DCEB4A00-9768-49C1-81C7-1A5E88E5A4B4}"
EndProject
Project("{FAE04EC0-301F-11D3-BF4B-00C04F79EFBC}") = "CodeSpirit.IdentityApi", "Src\CodeSpirit.IdentityApi\CodeSpirit.IdentityApi.csproj", "{9E555849-46D1-4E55-9BBE-965860664221}"
EndProject
Project("{FAE04EC0-301F-11D3-BF4B-00C04F79EFBC}") = "CodeSpirit.OrderApi", "Src\CodeSpirit.OrderApi\CodeSpirit.OrderApi.csproj", "{3E892DF0-F3A0-9617-9E95-6DF09B3E63F4}"
EndProject
Global
	GlobalSection(SolutionConfigurationPlatforms) = preSolution
		Debug|Any CPU = Debug|Any CPU
		Release|Any CPU = Release|Any CPU
	EndGlobalSection
	GlobalSection(ProjectConfigurationPlatforms) = postSolution
		{E5ABD82E-7F34-1623-9498-472F60DC5ACD}.Debug|Any CPU.ActiveCfg = Debug|Any CPU
		{E5ABD82E-7F34-1623-9498-472F60DC5ACD}.Debug|Any CPU.Build.0 = Debug|Any CPU
		{E5ABD82E-7F34-1623-9498-472F60DC5ACD}.Release|Any CPU.ActiveCfg = Release|Any CPU
		{E5ABD82E-7F34-1623-9498-472F60DC5ACD}.Release|Any CPU.Build.0 = Release|Any CPU
		{1E509197-BCCD-F715-2E11-B82818F9E4FE}.Debug|Any CPU.ActiveCfg = Debug|Any CPU
		{1E509197-BCCD-F715-2E11-B82818F9E4FE}.Debug|Any CPU.Build.0 = Debug|Any CPU
		{1E509197-BCCD-F715-2E11-B82818F9E4FE}.Release|Any CPU.ActiveCfg = Release|Any CPU
		{1E509197-BCCD-F715-2E11-B82818F9E4FE}.Release|Any CPU.Build.0 = Release|Any CPU
		{914C9414-C7DB-839C-DFF4-5F9043825A5B}.Debug|Any CPU.ActiveCfg = Debug|Any CPU
		{914C9414-C7DB-839C-DFF4-5F9043825A5B}.Debug|Any CPU.Build.0 = Debug|Any CPU
		{914C9414-C7DB-839C-DFF4-5F9043825A5B}.Release|Any CPU.ActiveCfg = Release|Any CPU
		{914C9414-C7DB-839C-DFF4-5F9043825A5B}.Release|Any CPU.Build.0 = Release|Any CPU
		{56F4BA82-F6EE-4007-A1F9-3063C6ECFBDF}.Debug|Any CPU.ActiveCfg = Debug|Any CPU
		{56F4BA82-F6EE-4007-A1F9-3063C6ECFBDF}.Debug|Any CPU.Build.0 = Debug|Any CPU
		{56F4BA82-F6EE-4007-A1F9-3063C6ECFBDF}.Release|Any CPU.ActiveCfg = Release|Any CPU
		{56F4BA82-F6EE-4007-A1F9-3063C6ECFBDF}.Release|Any CPU.Build.0 = Release|Any CPU
		{ADD4B54A-24DF-37C8-D910-48748A560D6E}.Debug|Any CPU.ActiveCfg = Debug|Any CPU
		{ADD4B54A-24DF-37C8-D910-48748A560D6E}.Debug|Any CPU.Build.0 = Debug|Any CPU
		{ADD4B54A-24DF-37C8-D910-48748A560D6E}.Release|Any CPU.ActiveCfg = Release|Any CPU
		{ADD4B54A-24DF-37C8-D910-48748A560D6E}.Release|Any CPU.Build.0 = Release|Any CPU
		{722D0E64-04A3-4915-8B89-FC657570E408}.Debug|Any CPU.ActiveCfg = Debug|Any CPU
		{722D0E64-04A3-4915-8B89-FC657570E408}.Debug|Any CPU.Build.0 = Debug|Any CPU
		{722D0E64-04A3-4915-8B89-FC657570E408}.Release|Any CPU.ActiveCfg = Release|Any CPU
		{722D0E64-04A3-4915-8B89-FC657570E408}.Release|Any CPU.Build.0 = Release|Any CPU
		{A8B78C7A-8390-409B-B909-8AD826A38063}.Debug|Any CPU.ActiveCfg = Debug|Any CPU
		{A8B78C7A-8390-409B-B909-8AD826A38063}.Debug|Any CPU.Build.0 = Debug|Any CPU
		{A8B78C7A-8390-409B-B909-8AD826A38063}.Release|Any CPU.ActiveCfg = Release|Any CPU
		{A8B78C7A-8390-409B-B909-8AD826A38063}.Release|Any CPU.Build.0 = Release|Any CPU
		{DCEB4A00-9768-49C1-81C7-1A5E88E5A4B4}.Debug|Any CPU.ActiveCfg = Debug|Any CPU
		{DCEB4A00-9768-49C1-81C7-1A5E88E5A4B4}.Debug|Any CPU.Build.0 = Debug|Any CPU
		{DCEB4A00-9768-49C1-81C7-1A5E88E5A4B4}.Release|Any CPU.ActiveCfg = Release|Any CPU
		{DCEB4A00-9768-49C1-81C7-1A5E88E5A4B4}.Release|Any CPU.Build.0 = Release|Any CPU
		{9E555849-46D1-4E55-9BBE-965860664221}.Debug|Any CPU.ActiveCfg = Debug|Any CPU
		{9E555849-46D1-4E55-9BBE-965860664221}.Debug|Any CPU.Build.0 = Debug|Any CPU
		{9E555849-46D1-4E55-9BBE-965860664221}.Release|Any CPU.ActiveCfg = Release|Any CPU
		{9E555849-46D1-4E55-9BBE-965860664221}.Release|Any CPU.Build.0 = Release|Any CPU
		{3E892DF0-F3A0-9617-9E95-6DF09B3E63F4}.Debug|Any CPU.ActiveCfg = Debug|Any CPU
		{3E892DF0-F3A0-9617-9E95-6DF09B3E63F4}.Debug|Any CPU.Build.0 = Debug|Any CPU
		{3E892DF0-F3A0-9617-9E95-6DF09B3E63F4}.Release|Any CPU.ActiveCfg = Release|Any CPU
		{3E892DF0-F3A0-9617-9E95-6DF09B3E63F4}.Release|Any CPU.Build.0 = Release|Any CPU
	EndGlobalSection
	GlobalSection(SolutionProperties) = preSolution
		HideSolutionNode = FALSE
	EndGlobalSection
	GlobalSection(NestedProjects) = preSolution
		{9E555849-46D1-4E55-9BBE-965860664221} = {02EA681E-C7D8-13C7-8484-4AC65E1B71E8}
		{3E892DF0-F3A0-9617-9E95-6DF09B3E63F4} = {02EA681E-C7D8-13C7-8484-4AC65E1B71E8}
	EndGlobalSection
	GlobalSection(ExtensibilityGlobals) = postSolution
		SolutionGuid = {FA2D98D6-8906-4629-AE73-437BD9C6A177}
	EndGlobalSection
EndGlobal
