Microsoft Visual Studio Solution File, Format Version 12.00
# Visual Studio Version 17
VisualStudioVersion = 17.13.35617.110
MinimumVisualStudioVersion = 10.0.40219.1
Project("{2150E333-8FDC-42A3-9474-1A3956D46DE8}") = "ApiServices", "ApiServices", "{02EA681E-C7D8-13C7-8484-4AC65E1B71E8}"
EndProject
Project("{FAE04EC0-301F-11D3-BF4B-00C04F79EFBC}") = "CodeSpirit.Tests", "Src\CodeSpirit.Tests\CodeSpirit.Tests.csproj", "{E5ABD82E-7F34-1623-9498-472F60DC5ACD}"
EndProject
Project("{FAE04EC0-301F-11D3-BF4B-00C04F79EFBC}") = "CodeSpirit.ServiceDefaults", "Src\CodeSpirit.ServiceDefaults\CodeSpirit.ServiceDefaults.csproj", "{1E509197-BCCD-F715-2E11-B82818F9E4FE}"
EndProject
Project("{FAE04EC0-301F-11D3-BF4B-00C04F79EFBC}") = "CodeSpirit.AppHost", "Src\CodeSpirit.AppHost\CodeSpirit.AppHost.csproj", "{914C9414-C7DB-839C-DFF4-5F9043825A5B}"
EndProject
Project("{FAE04EC0-301F-11D3-BF4B-00C04F79EFBC}") = "CodeSpirit.ApiService", "Src\CodeSpirit.ApiService\CodeSpirit.ApiService.csproj", "{86E30F90-CA03-2CB1-9DF5-1953197E13C3}"
EndProject
Project("{FAE04EC0-301F-11D3-BF4B-00C04F79EFBC}") = "CodeSpirit.IdentityApi", "Src\CodeSpirit.IdentityApiService\CodeSpirit.IdentityApi.csproj", "{9ABD7A3C-B4C0-44C6-8B10-B4C1EAA76AFA}"
EndProject
Project("{FAE04EC0-301F-11D3-BF4B-00C04F79EFBC}") = "CodeSpirit.Shared", "Src\CodeSpirit.Shared\CodeSpirit.Shared.csproj", "{56F4BA82-F6EE-4007-A1F9-3063C6ECFBDF}"
EndProject
Global
	GlobalSection(SolutionConfigurationPlatforms) = preSolution
		Debug|Any CPU = Debug|Any CPU
		Release|Any CPU = Release|Any CPU
	EndGlobalSection
	GlobalSection(ProjectConfigurationPlatforms) = postSolution
		{E5ABD82E-7F34-1623-9498-472F60DC5ACD}.Debug|Any CPU.ActiveCfg = Debug|Any CPU
		{E5ABD82E-7F34-1623-9498-472F60DC5ACD}.Debug|Any CPU.Build.0 = Debug|Any CPU
		{E5ABD82E-7F34-1623-9498-472F60DC5ACD}.Release|Any CPU.ActiveCfg = Release|Any CPU
		{E5ABD82E-7F34-1623-9498-472F60DC5ACD}.Release|Any CPU.Build.0 = Release|Any CPU
		{1E509197-BCCD-F715-2E11-B82818F9E4FE}.Debug|Any CPU.ActiveCfg = Debug|Any CPU
		{1E509197-BCCD-F715-2E11-B82818F9E4FE}.Debug|Any CPU.Build.0 = Debug|Any CPU
		{1E509197-BCCD-F715-2E11-B82818F9E4FE}.Release|Any CPU.ActiveCfg = Release|Any CPU
		{1E509197-BCCD-F715-2E11-B82818F9E4FE}.Release|Any CPU.Build.0 = Release|Any CPU
		{914C9414-C7DB-839C-DFF4-5F9043825A5B}.Debug|Any CPU.ActiveCfg = Debug|Any CPU
		{914C9414-C7DB-839C-DFF4-5F9043825A5B}.Debug|Any CPU.Build.0 = Debug|Any CPU
		{914C9414-C7DB-839C-DFF4-5F9043825A5B}.Release|Any CPU.ActiveCfg = Release|Any CPU
		{914C9414-C7DB-839C-DFF4-5F9043825A5B}.Release|Any CPU.Build.0 = Release|Any CPU
		{86E30F90-CA03-2CB1-9DF5-1953197E13C3}.Debug|Any CPU.ActiveCfg = Debug|Any CPU
		{86E30F90-CA03-2CB1-9DF5-1953197E13C3}.Debug|Any CPU.Build.0 = Debug|Any CPU
		{86E30F90-CA03-2CB1-9DF5-1953197E13C3}.Release|Any CPU.ActiveCfg = Release|Any CPU
		{86E30F90-CA03-2CB1-9DF5-1953197E13C3}.Release|Any CPU.Build.0 = Release|Any CPU
		{9ABD7A3C-B4C0-44C6-8B10-B4C1EAA76AFA}.Debug|Any CPU.ActiveCfg = Debug|Any CPU
		{9ABD7A3C-B4C0-44C6-8B10-B4C1EAA76AFA}.Debug|Any CPU.Build.0 = Debug|Any CPU
		{9ABD7A3C-B4C0-44C6-8B10-B4C1EAA76AFA}.Release|Any CPU.ActiveCfg = Release|Any CPU
		{9ABD7A3C-B4C0-44C6-8B10-B4C1EAA76AFA}.Release|Any CPU.Build.0 = Release|Any CPU
		{56F4BA82-F6EE-4007-A1F9-3063C6ECFBDF}.Debug|Any CPU.ActiveCfg = Debug|Any CPU
		{56F4BA82-F6EE-4007-A1F9-3063C6ECFBDF}.Debug|Any CPU.Build.0 = Debug|Any CPU
		{56F4BA82-F6EE-4007-A1F9-3063C6ECFBDF}.Release|Any CPU.ActiveCfg = Release|Any CPU
		{56F4BA82-F6EE-4007-A1F9-3063C6ECFBDF}.Release|Any CPU.Build.0 = Release|Any CPU
	EndGlobalSection
	GlobalSection(SolutionProperties) = preSolution
		HideSolutionNode = FALSE
	EndGlobalSection
	GlobalSection(NestedProjects) = preSolution
		{86E30F90-CA03-2CB1-9DF5-1953197E13C3} = {02EA681E-C7D8-13C7-8484-4AC65E1B71E8}
		{9ABD7A3C-B4C0-44C6-8B10-B4C1EAA76AFA} = {02EA681E-C7D8-13C7-8484-4AC65E1B71E8}
	EndGlobalSection
	GlobalSection(ExtensibilityGlobals) = postSolution
		SolutionGuid = {FA2D98D6-8906-4629-AE73-437BD9C6A177}
	EndGlobalSection
EndGlobal
