Microsoft Visual Studio Solution File, Format Version 12.00
# Visual Studio Version 17
VisualStudioVersion = 17.13.35617.110
MinimumVisualStudioVersion = 10.0.40219.1
Project("{2150E333-8FDC-42A3-9474-1A3956D46DE8}") = "ApiServices", "ApiServices", "{02EA681E-C7D8-13C7-8484-4AC65E1B71E8}"
EndProject
Project("{FAE04EC0-301F-11D3-BF4B-00C04F79EFBC}") = "CodeSpirit.ServiceDefaults", "Src\CodeSpirit.ServiceDefaults\CodeSpirit.ServiceDefaults.csproj", "{1E509197-BCCD-F715-2E11-B82818F9E4FE}"
EndProject
Project("{FAE04EC0-301F-11D3-BF4B-00C04F79EFBC}") = "CodeSpirit.AppHost", "Src\CodeSpirit.AppHost\CodeSpirit.AppHost.csproj", "{914C9414-C7DB-839C-DFF4-5F9043825A5B}"
EndProject
Project("{FAE04EC0-301F-11D3-BF4B-00C04F79EFBC}") = "CodeSpirit.Shared", "Src\CodeSpirit.Shared\CodeSpirit.Shared.csproj", "{56F4BA82-F6EE-4007-A1F9-3063C6ECFBDF}"
EndProject
Project("{FAE04EC0-301F-11D3-BF4B-00C04F79EFBC}") = "CodeSpirit.Web", "Src\CodeSpirit.Web\CodeSpirit.Web.csproj", "{ADD4B54A-24DF-37C8-D910-48748A560D6E}"
EndProject
Project("{FAE04EC0-301F-11D3-BF4B-00C04F79EFBC}") = "CodeSpirit.Core", "Src\CodeSpirit.Core\CodeSpirit.Core.csproj", "{A8B78C7A-8390-409B-B909-8AD826A38063}"
EndProject
Project("{FAE04EC0-301F-11D3-BF4B-00C04F79EFBC}") = "CodeSpirit.IdentityApi", "Src\CodeSpirit.IdentityApi\CodeSpirit.IdentityApi.csproj", "{9E555849-46D1-4E55-9BBE-965860664221}"
EndProject
Project("{FAE04EC0-301F-11D3-BF4B-00C04F79EFBC}") = "CodeSpirit.OrderApi", "Src\CodeSpirit.OrderApi\CodeSpirit.OrderApi.csproj", "{3E892DF0-F3A0-9617-9E95-6DF09B3E63F4}"
EndProject
Project("{FAE04EC0-301F-11D3-BF4B-00C04F79EFBC}") = "CodeSpirit.ConfigCenter", "Src\CodeSpirit.ConfigCenter\CodeSpirit.ConfigCenter.csproj", "{7DFA8969-825B-45A1-A60E-ECA191EC3818}"
EndProject
Project("{2150E333-8FDC-42A3-9474-1A3956D46DE8}") = "CodeSpirit.ConfigCenter", "CodeSpirit.ConfigCenter", "{C0A44597-58B2-491A-A1DE-8947710D0035}"
EndProject
Project("{FAE04EC0-301F-11D3-BF4B-00C04F79EFBC}") = "CodeSpirit.ConfigCenter.Client", "Src\CodeSpirit.ConfigCenter.Client\CodeSpirit.ConfigCenter.Client.csproj", "{7AFB7354-8525-4BC8-A743-D6620D8EB2F4}"
EndProject
Project("{2150E333-8FDC-42A3-9474-1A3956D46DE8}") = "Components", "Components", "{28E19F6A-7ADD-4941-9E72-EFA73162E871}"
EndProject
Project("{FAE04EC0-301F-11D3-BF4B-00C04F79EFBC}") = "CodeSpirit.Aggregator", "Src\Components\CodeSpirit.Aggregator\CodeSpirit.Aggregator.csproj", "{9F1F07F4-79DF-4B1A-82DC-FBF4675A026F}"
EndProject
Project("{2150E333-8FDC-42A3-9474-1A3956D46DE8}") = "Tests", "Tests", "{F8A99996-D181-441D-8912-7B30A4A3778D}"
EndProject
Project("{FAE04EC0-301F-11D3-BF4B-00C04F79EFBC}") = "CodeSpirit.Aggregator.Tests", "Src\Tests\CodeSpirit.Aggregator.Tests\CodeSpirit.Aggregator.Tests.csproj", "{09EF8E09-C975-4629-385D-DE1AFDD3EA61}"
EndProject
Project("{FAE04EC0-301F-11D3-BF4B-00C04F79EFBC}") = "CodeSpirit.Amis", "Src\Components\CodeSpirit.Amis\CodeSpirit.Amis.csproj", "{EC7AA77A-796E-6460-5940-570FE337D826}"
EndProject
Project("{FAE04EC0-301F-11D3-BF4B-00C04F79EFBC}") = "CodeSpirit.Authorization", "Src\Components\CodeSpirit.Authorization\CodeSpirit.Authorization.csproj", "{6494C48C-00C5-55D1-0A57-C642E15E5C84}"
EndProject
Project("{FAE04EC0-301F-11D3-BF4B-00C04F79EFBC}") = "CodeSpirit.Navigation", "Src\Components\CodeSpirit.Navigation\CodeSpirit.Navigation.csproj", "{B571D32F-DFCC-73E7-562F-96233F93BDB5}"
EndProject
Project("{FAE04EC0-301F-11D3-BF4B-00C04F79EFBC}") = "CodeSpirit.Tests", "Src\Tests\CodeSpirit.Tests\CodeSpirit.Tests.csproj", "{ED316CDE-47BA-80D4-1BCB-55A8346AEB69}"
EndProject
Project("{2150E333-8FDC-42A3-9474-1A3956D46DE8}") = "Components", "Components", "{E9AA3C88-F320-411E-9CBB-75B0047F0F46}"
EndProject
Project("{FAE04EC0-301F-11D3-BF4B-00C04F79EFBC}") = "CodeSpirit.Components.TestsBase", "Src\Tests\CodeSpirit.Components.TestsBase\CodeSpirit.Components.TestsBase.csproj", "{CC49AB6C-7231-44EB-8C9E-3607F58E63BC}"
EndProject
Project("{FAE04EC0-301F-11D3-BF4B-00C04F79EFBC}") = "CodeSpirit.Authorization.Tests", "Src\Tests\CodeSpirit.Authorization.Tests\CodeSpirit.Authorization.Tests.csproj", "{FF1923CF-3851-4724-9EFC-52CC2C8E3D97}"
EndProject
Project("{2150E333-8FDC-42A3-9474-1A3956D46DE8}") = "ApiServices", "ApiServices", "{3F014F1E-8908-4DC0-9AD9-27E01C9C9118}"
EndProject
Project("{FAE04EC0-301F-11D3-BF4B-00C04F79EFBC}") = "CodeSpirit.IdentityApi.Tests", "Src\Tests\CodeSpirit.IdentityApi.Tests\CodeSpirit.IdentityApi.Tests.csproj", "{CBC26A49-50DB-42A3-9A60-3CF360DE23A3}"
EndProject
Global
	GlobalSection(SolutionConfigurationPlatforms) = preSolution
		Debug|Any CPU = Debug|Any CPU
		Release|Any CPU = Release|Any CPU
	EndGlobalSection
	GlobalSection(ProjectConfigurationPlatforms) = postSolution
		{1E509197-BCCD-F715-2E11-B82818F9E4FE}.Debug|Any CPU.ActiveCfg = Debug|Any CPU
		{1E509197-BCCD-F715-2E11-B82818F9E4FE}.Debug|Any CPU.Build.0 = Debug|Any CPU
		{1E509197-BCCD-F715-2E11-B82818F9E4FE}.Release|Any CPU.ActiveCfg = Release|Any CPU
		{1E509197-BCCD-F715-2E11-B82818F9E4FE}.Release|Any CPU.Build.0 = Release|Any CPU
		{914C9414-C7DB-839C-DFF4-5F9043825A5B}.Debug|Any CPU.ActiveCfg = Debug|Any CPU
		{914C9414-C7DB-839C-DFF4-5F9043825A5B}.Debug|Any CPU.Build.0 = Debug|Any CPU
		{914C9414-C7DB-839C-DFF4-5F9043825A5B}.Release|Any CPU.ActiveCfg = Release|Any CPU
		{914C9414-C7DB-839C-DFF4-5F9043825A5B}.Release|Any CPU.Build.0 = Release|Any CPU
		{56F4BA82-F6EE-4007-A1F9-3063C6ECFBDF}.Debug|Any CPU.ActiveCfg = Debug|Any CPU
		{56F4BA82-F6EE-4007-A1F9-3063C6ECFBDF}.Debug|Any CPU.Build.0 = Debug|Any CPU
		{56F4BA82-F6EE-4007-A1F9-3063C6ECFBDF}.Release|Any CPU.ActiveCfg = Release|Any CPU
		{56F4BA82-F6EE-4007-A1F9-3063C6ECFBDF}.Release|Any CPU.Build.0 = Release|Any CPU
		{ADD4B54A-24DF-37C8-D910-48748A560D6E}.Debug|Any CPU.ActiveCfg = Debug|Any CPU
		{ADD4B54A-24DF-37C8-D910-48748A560D6E}.Debug|Any CPU.Build.0 = Debug|Any CPU
		{ADD4B54A-24DF-37C8-D910-48748A560D6E}.Release|Any CPU.ActiveCfg = Release|Any CPU
		{ADD4B54A-24DF-37C8-D910-48748A560D6E}.Release|Any CPU.Build.0 = Release|Any CPU
		{A8B78C7A-8390-409B-B909-8AD826A38063}.Debug|Any CPU.ActiveCfg = Debug|Any CPU
		{A8B78C7A-8390-409B-B909-8AD826A38063}.Debug|Any CPU.Build.0 = Debug|Any CPU
		{A8B78C7A-8390-409B-B909-8AD826A38063}.Release|Any CPU.ActiveCfg = Release|Any CPU
		{A8B78C7A-8390-409B-B909-8AD826A38063}.Release|Any CPU.Build.0 = Release|Any CPU
		{9E555849-46D1-4E55-9BBE-965860664221}.Debug|Any CPU.ActiveCfg = Debug|Any CPU
		{9E555849-46D1-4E55-9BBE-965860664221}.Debug|Any CPU.Build.0 = Debug|Any CPU
		{9E555849-46D1-4E55-9BBE-965860664221}.Release|Any CPU.ActiveCfg = Release|Any CPU
		{9E555849-46D1-4E55-9BBE-965860664221}.Release|Any CPU.Build.0 = Release|Any CPU
		{3E892DF0-F3A0-9617-9E95-6DF09B3E63F4}.Debug|Any CPU.ActiveCfg = Debug|Any CPU
		{3E892DF0-F3A0-9617-9E95-6DF09B3E63F4}.Debug|Any CPU.Build.0 = Debug|Any CPU
		{3E892DF0-F3A0-9617-9E95-6DF09B3E63F4}.Release|Any CPU.ActiveCfg = Release|Any CPU
		{3E892DF0-F3A0-9617-9E95-6DF09B3E63F4}.Release|Any CPU.Build.0 = Release|Any CPU
		{7DFA8969-825B-45A1-A60E-ECA191EC3818}.Debug|Any CPU.ActiveCfg = Debug|Any CPU
		{7DFA8969-825B-45A1-A60E-ECA191EC3818}.Debug|Any CPU.Build.0 = Debug|Any CPU
		{7DFA8969-825B-45A1-A60E-ECA191EC3818}.Release|Any CPU.ActiveCfg = Release|Any CPU
		{7DFA8969-825B-45A1-A60E-ECA191EC3818}.Release|Any CPU.Build.0 = Release|Any CPU
		{7AFB7354-8525-4BC8-A743-D6620D8EB2F4}.Debug|Any CPU.ActiveCfg = Debug|Any CPU
		{7AFB7354-8525-4BC8-A743-D6620D8EB2F4}.Debug|Any CPU.Build.0 = Debug|Any CPU
		{7AFB7354-8525-4BC8-A743-D6620D8EB2F4}.Release|Any CPU.ActiveCfg = Release|Any CPU
		{7AFB7354-8525-4BC8-A743-D6620D8EB2F4}.Release|Any CPU.Build.0 = Release|Any CPU
		{9F1F07F4-79DF-4B1A-82DC-FBF4675A026F}.Debug|Any CPU.ActiveCfg = Debug|Any CPU
		{9F1F07F4-79DF-4B1A-82DC-FBF4675A026F}.Debug|Any CPU.Build.0 = Debug|Any CPU
		{9F1F07F4-79DF-4B1A-82DC-FBF4675A026F}.Release|Any CPU.ActiveCfg = Release|Any CPU
		{9F1F07F4-79DF-4B1A-82DC-FBF4675A026F}.Release|Any CPU.Build.0 = Release|Any CPU
		{09EF8E09-C975-4629-385D-DE1AFDD3EA61}.Debug|Any CPU.ActiveCfg = Debug|Any CPU
		{09EF8E09-C975-4629-385D-DE1AFDD3EA61}.Debug|Any CPU.Build.0 = Debug|Any CPU
		{09EF8E09-C975-4629-385D-DE1AFDD3EA61}.Release|Any CPU.ActiveCfg = Release|Any CPU
		{09EF8E09-C975-4629-385D-DE1AFDD3EA61}.Release|Any CPU.Build.0 = Release|Any CPU
		{EC7AA77A-796E-6460-5940-570FE337D826}.Debug|Any CPU.ActiveCfg = Debug|Any CPU
		{EC7AA77A-796E-6460-5940-570FE337D826}.Debug|Any CPU.Build.0 = Debug|Any CPU
		{EC7AA77A-796E-6460-5940-570FE337D826}.Release|Any CPU.ActiveCfg = Release|Any CPU
		{EC7AA77A-796E-6460-5940-570FE337D826}.Release|Any CPU.Build.0 = Release|Any CPU
		{6494C48C-00C5-55D1-0A57-C642E15E5C84}.Debug|Any CPU.ActiveCfg = Debug|Any CPU
		{6494C48C-00C5-55D1-0A57-C642E15E5C84}.Debug|Any CPU.Build.0 = Debug|Any CPU
		{6494C48C-00C5-55D1-0A57-C642E15E5C84}.Release|Any CPU.ActiveCfg = Release|Any CPU
		{6494C48C-00C5-55D1-0A57-C642E15E5C84}.Release|Any CPU.Build.0 = Release|Any CPU
		{B571D32F-DFCC-73E7-562F-96233F93BDB5}.Debug|Any CPU.ActiveCfg = Debug|Any CPU
		{B571D32F-DFCC-73E7-562F-96233F93BDB5}.Debug|Any CPU.Build.0 = Debug|Any CPU
		{B571D32F-DFCC-73E7-562F-96233F93BDB5}.Release|Any CPU.ActiveCfg = Release|Any CPU
		{B571D32F-DFCC-73E7-562F-96233F93BDB5}.Release|Any CPU.Build.0 = Release|Any CPU
		{ED316CDE-47BA-80D4-1BCB-55A8346AEB69}.Debug|Any CPU.ActiveCfg = Debug|Any CPU
		{ED316CDE-47BA-80D4-1BCB-55A8346AEB69}.Debug|Any CPU.Build.0 = Debug|Any CPU
		{ED316CDE-47BA-80D4-1BCB-55A8346AEB69}.Release|Any CPU.ActiveCfg = Release|Any CPU
		{ED316CDE-47BA-80D4-1BCB-55A8346AEB69}.Release|Any CPU.Build.0 = Release|Any CPU
		{CC49AB6C-7231-44EB-8C9E-3607F58E63BC}.Debug|Any CPU.ActiveCfg = Debug|Any CPU
		{CC49AB6C-7231-44EB-8C9E-3607F58E63BC}.Debug|Any CPU.Build.0 = Debug|Any CPU
		{CC49AB6C-7231-44EB-8C9E-3607F58E63BC}.Release|Any CPU.ActiveCfg = Release|Any CPU
		{CC49AB6C-7231-44EB-8C9E-3607F58E63BC}.Release|Any CPU.Build.0 = Release|Any CPU
		{FF1923CF-3851-4724-9EFC-52CC2C8E3D97}.Debug|Any CPU.ActiveCfg = Debug|Any CPU
		{FF1923CF-3851-4724-9EFC-52CC2C8E3D97}.Debug|Any CPU.Build.0 = Debug|Any CPU
		{FF1923CF-3851-4724-9EFC-52CC2C8E3D97}.Release|Any CPU.ActiveCfg = Release|Any CPU
		{FF1923CF-3851-4724-9EFC-52CC2C8E3D97}.Release|Any CPU.Build.0 = Release|Any CPU
		{CBC26A49-50DB-42A3-9A60-3CF360DE23A3}.Debug|Any CPU.ActiveCfg = Debug|Any CPU
		{CBC26A49-50DB-42A3-9A60-3CF360DE23A3}.Debug|Any CPU.Build.0 = Debug|Any CPU
		{CBC26A49-50DB-42A3-9A60-3CF360DE23A3}.Release|Any CPU.ActiveCfg = Release|Any CPU
		{CBC26A49-50DB-42A3-9A60-3CF360DE23A3}.Release|Any CPU.Build.0 = Release|Any CPU
	EndGlobalSection
	GlobalSection(SolutionProperties) = preSolution
		HideSolutionNode = FALSE
	EndGlobalSection
	GlobalSection(NestedProjects) = preSolution
		{9E555849-46D1-4E55-9BBE-965860664221} = {02EA681E-C7D8-13C7-8484-4AC65E1B71E8}
		{3E892DF0-F3A0-9617-9E95-6DF09B3E63F4} = {02EA681E-C7D8-13C7-8484-4AC65E1B71E8}
		{7DFA8969-825B-45A1-A60E-ECA191EC3818} = {C0A44597-58B2-491A-A1DE-8947710D0035}
		{C0A44597-58B2-491A-A1DE-8947710D0035} = {02EA681E-C7D8-13C7-8484-4AC65E1B71E8}
		{7AFB7354-8525-4BC8-A743-D6620D8EB2F4} = {C0A44597-58B2-491A-A1DE-8947710D0035}
		{9F1F07F4-79DF-4B1A-82DC-FBF4675A026F} = {28E19F6A-7ADD-4941-9E72-EFA73162E871}
		{09EF8E09-C975-4629-385D-DE1AFDD3EA61} = {E9AA3C88-F320-411E-9CBB-75B0047F0F46}
		{EC7AA77A-796E-6460-5940-570FE337D826} = {28E19F6A-7ADD-4941-9E72-EFA73162E871}
		{6494C48C-00C5-55D1-0A57-C642E15E5C84} = {28E19F6A-7ADD-4941-9E72-EFA73162E871}
		{B571D32F-DFCC-73E7-562F-96233F93BDB5} = {28E19F6A-7ADD-4941-9E72-EFA73162E871}
		{ED316CDE-47BA-80D4-1BCB-55A8346AEB69} = {F8A99996-D181-441D-8912-7B30A4A3778D}
		{E9AA3C88-F320-411E-9CBB-75B0047F0F46} = {F8A99996-D181-441D-8912-7B30A4A3778D}
		{CC49AB6C-7231-44EB-8C9E-3607F58E63BC} = {E9AA3C88-F320-411E-9CBB-75B0047F0F46}
		{FF1923CF-3851-4724-9EFC-52CC2C8E3D97} = {E9AA3C88-F320-411E-9CBB-75B0047F0F46}
		{3F014F1E-8908-4DC0-9AD9-27E01C9C9118} = {F8A99996-D181-441D-8912-7B30A4A3778D}
		{CBC26A49-50DB-42A3-9A60-3CF360DE23A3} = {3F014F1E-8908-4DC0-9AD9-27E01C9C9118}
	EndGlobalSection
	GlobalSection(ExtensibilityGlobals) = postSolution
		SolutionGuid = {FA2D98D6-8906-4629-AE73-437BD9C6A177}
	EndGlobalSection
EndGlobal
